<?xml version="1.0" encoding="utf-8"?>
<Project ToolsVersion="4.0" xmlns="http://schemas.microsoft.com/developer/msbuild/2003">
  <ItemGroup>
    <Filter Include="Application">
      <UniqueIdentifier>{db8955e1-1f56-4b8a-91ab-dedcc54f5fbc}</UniqueIdentifier>
    </Filter>
    <Filter Include="GameObject">
      <UniqueIdentifier>{c8b4a70c-d557-4bc2-8c47-6e1bdf8f3386}</UniqueIdentifier>
    </Filter>
    <Filter Include="Scene">
      <UniqueIdentifier>{4a9fe95d-0cba-4a2e-af0a-5b40e54df505}</UniqueIdentifier>
    </Filter>
    <Filter Include="GameObject\MenuScene">
      <UniqueIdentifier>{b97bb19e-521c-47b2-9ec8-a4e20ac8e4bf}</UniqueIdentifier>
    </Filter>
    <Filter Include="GameObject\TestGameScene">
      <UniqueIdentifier>{3f159fc5-65e4-440e-90b1-ba212fd8d1ec}</UniqueIdentifier>
    </Filter>
    <Filter Include="GameObject\TestColliderScene">
      <UniqueIdentifier>{e2b5367b-ae57-4255-b816-c9bfad701406}</UniqueIdentifier>
    </Filter>
  </ItemGroup>
  <ItemGroup>
    <ClCompile Include="Test_2Q\GameObject\TestGameScene\SunGeneratorObject.cpp">
      <Filter>GameObject\TestGameScene</Filter>
    </ClCompile>
    <ClCompile Include="Test_2Q\GameObject\MenuScene\MenuTextObject.cpp">
      <Filter>GameObject\MenuScene</Filter>
    </ClCompile>
    <ClCompile Include="Test_2Q\GameObject\TestGameScene\Earth.cpp">
      <Filter>GameObject\TestGameScene</Filter>
    </ClCompile>
    <ClCompile Include="Test_2Q\GameObject\TestGameScene\FreeCamera.cpp">
      <Filter>GameObject\TestGameScene</Filter>
    </ClCompile>
    <ClCompile Include="Test_2Q\GameObject\TestGameScene\GameTextObject.cpp">
      <Filter>GameObject\TestGameScene</Filter>
    </ClCompile>
    <ClCompile Include="Test_2Q\GameObject\TestGameScene\InfoTextObject.cpp">
      <Filter>GameObject\TestGameScene</Filter>
    </ClCompile>
    <ClCompile Include="Test_2Q\GameObject\TestGameScene\Moon.cpp">
      <Filter>GameObject\TestGameScene</Filter>
    </ClCompile>
    <ClCompile Include="Test_2Q\GameObject\TestGameScene\Sun.cpp">
      <Filter>GameObject\TestGameScene</Filter>
    </ClCompile>
    <ClCompile Include="Test_2Q\GameObject\TestGameScene\TestPlayer.cpp">
      <Filter>GameObject\TestGameScene</Filter>
    </ClCompile>
    <ClCompile Include="Test_2Q\Application\DemoGameApp.cpp">
      <Filter>Application</Filter>
    </ClCompile>
    <ClCompile Include="Application\Game.cpp">
      <Filter>Application</Filter>
    </ClCompile>
    <ClCompile Include="Test_2Q\Scenes\MenuScene.cpp">
      <Filter>Scene</Filter>
    </ClCompile>
    <ClCompile Include="Test_2Q\Scenes\TestGameScene.cpp">
      <Filter>Scene</Filter>
    </ClCompile>
    <ClCompile Include="Test_2Q\GameObject\TestCollisionScene\PressuerPlate.cpp">
      <Filter>GameObject\TestColliderScene</Filter>
    </ClCompile>
    <ClCompile Include="Test_2Q\GameObject\TestCollisionScene\TestColliderbox.cpp">
      <Filter>GameObject\TestColliderScene</Filter>
    </ClCompile>
    <ClCompile Include="Test_2Q\GameObject\TestCollisionScene\TestColliderboxGenerator.cpp">
      <Filter>GameObject\TestColliderScene</Filter>
    </ClCompile>
    <ClCompile Include="Test_2Q\Scenes\TestCollisionScene.cpp">
      <Filter>GameObject\TestColliderScene</Filter>
    </ClCompile>
    <ClCompile Include="Test_2Q\GameObject\TestCollisionScene\TestGround.cpp">
      <Filter>GameObject\TestColliderScene</Filter>
    </ClCompile>
    <ClCompile Include="Test_2Q\GameObject\TestCollisionScene\TestRigidbodyObject.cpp">
      <Filter>GameObject\TestColliderScene</Filter>
    </ClCompile>
    <ClCompile Include="Test_2Q\GameObject\TestCollisionScene\TestWall.cpp">
      <Filter>GameObject\TestColliderScene</Filter>
    </ClCompile>
  </ItemGroup>
  <ItemGroup>
    <ClInclude Include="Test_2Q\Application\DemoGameApp.h">
      <Filter>Application</Filter>
    </ClInclude>
    <ClInclude Include="Test_2Q\Scenes\MenuScene.h">
      <Filter>Scene</Filter>
    </ClInclude>
    <ClInclude Include="Test_2Q\Scenes\TestGameScene.h">
      <Filter>Scene</Filter>
    </ClInclude>
    <ClInclude Include="Test_2Q\GameObject\TestGameScene\Earth.h">
      <Filter>GameObject\TestGameScene</Filter>
    </ClInclude>
    <ClInclude Include="Test_2Q\GameObject\TestGameScene\FreeCamera.h">
      <Filter>GameObject\TestGameScene</Filter>
    </ClInclude>
    <ClInclude Include="Test_2Q\GameObject\TestGameScene\GameTextObject.h">
      <Filter>GameObject\TestGameScene</Filter>
    </ClInclude>
    <ClInclude Include="Test_2Q\GameObject\TestGameScene\InfoTextObject.h">
      <Filter>GameObject\TestGameScene</Filter>
    </ClInclude>
    <ClInclude Include="Test_2Q\GameObject\TestGameScene\Moon.h">
      <Filter>GameObject\TestGameScene</Filter>
    </ClInclude>
    <ClInclude Include="Test_2Q\GameObject\TestGameScene\Sun.h">
      <Filter>GameObject\TestGameScene</Filter>
    </ClInclude>
    <ClInclude Include="Test_2Q\GameObject\TestGameScene\SunGeneratorObject.h">
      <Filter>GameObject\TestGameScene</Filter>
    </ClInclude>
    <ClInclude Include="Test_2Q\GameObject\TestGameScene\TestPlayer.h">
      <Filter>GameObject\TestGameScene</Filter>
    </ClInclude>
    <ClInclude Include="Test_2Q\GameObject\MenuScene\MenuTextObject.h">
      <Filter>GameObject\MenuScene</Filter>
    </ClInclude>
    <ClInclude Include="Test_2Q\GameObject\TestCollisionScene\PressuerPlate.h">
      <Filter>GameObject\TestColliderScene</Filter>
    </ClInclude>
    <ClInclude Include="Test_2Q\GameObject\TestCollisionScene\TestColliderbox.h">
      <Filter>GameObject\TestColliderScene</Filter>
    </ClInclude>
    <ClInclude Include="Test_2Q\GameObject\TestCollisionScene\TestColliderboxGenerator.h">
      <Filter>GameObject\TestColliderScene</Filter>
    </ClInclude>
    <ClInclude Include="Test_2Q\Scenes\TestCollisionScene.h">
      <Filter>GameObject\TestColliderScene</Filter>
    </ClInclude>
    <ClInclude Include="Test_2Q\GameObject\TestCollisionScene\TestGround.h">
      <Filter>GameObject\TestColliderScene</Filter>
    </ClInclude>
    <ClInclude Include="Test_2Q\GameObject\TestCollisionScene\TestRigidbodyObject.h">
      <Filter>GameObject\TestColliderScene</Filter>
    </ClInclude>
    <ClInclude Include="Test_2Q\GameObject\TestCollisionScene\TestWall.h">
      <Filter>GameObject\TestColliderScene</Filter>
    </ClInclude>
  </ItemGroup>
</Project>